
Microsoft Visual Studio Solution File, Format Version 12.00
# Visual Studio Version 17
VisualStudioVersion = 17.9.34607.119
MinimumVisualStudioVersion = 10.0.40219.1
Project("{FAE04EC0-301F-11D3-BF4B-00C04F79EFBC}") = "sumOfOddNum", "sumOfOddNum\sumOfOddNum.csproj", "{7BA9E422-4716-4522-90A9-EEB81C9E6488}"
EndProject
Global
	GlobalSection(SolutionConfigurationPlatforms) = preSolution
		Debug|Any CPU = Debug|Any CPU
		Release|Any CPU = Release|Any CPU
	EndGlobalSection
	GlobalSection(ProjectConfigurationPlatforms) = postSolution
		{7BA9E422-4716-4522-90A9-EEB81C9E6488}.Debug|Any CPU.ActiveCfg = Debug|Any CPU
		{7BA9E422-4716-4522-90A9-EEB81C9E6488}.Debug|Any CPU.Build.0 = Debug|Any CPU
		{7BA9E422-4716-4522-90A9-EEB81C9E6488}.Release|Any CPU.ActiveCfg = Release|Any CPU
		{7BA9E422-4716-4522-90A9-EEB81C9E6488}.Release|Any CPU.Build.0 = Release|Any CPU
	EndGlobalSection
	GlobalSection(SolutionProperties) = preSolution
		HideSolutionNode = FALSE
	EndGlobalSection
	GlobalSection(ExtensibilityGlobals) = postSolution
		SolutionGuid = {5F8CF4D3-481B-4721-A428-5843F0975C84}
	EndGlobalSection
EndGlobal
