
Microsoft Visual Studio Solution File, Format Version 12.00
# Visual Studio Version 17
VisualStudioVersion = 17.9.34607.119
MinimumVisualStudioVersion = 10.0.40219.1
Project("{FAE04EC0-301F-11D3-BF4B-00C04F79EFBC}") = "Multiplication table", "Multiplication table\Multiplication table.csproj", "{F9E4C3DD-E913-4E58-B9C4-CDF097122E9B}"
EndProject
Global
	GlobalSection(SolutionConfigurationPlatforms) = preSolution
		Debug|Any CPU = Debug|Any CPU
		Release|Any CPU = Release|Any CPU
	EndGlobalSection
	GlobalSection(ProjectConfigurationPlatforms) = postSolution
		{F9E4C3DD-E913-4E58-B9C4-CDF097122E9B}.Debug|Any CPU.ActiveCfg = Debug|Any CPU
		{F9E4C3DD-E913-4E58-B9C4-CDF097122E9B}.Debug|Any CPU.Build.0 = Debug|Any CPU
		{F9E4C3DD-E913-4E58-B9C4-CDF097122E9B}.Release|Any CPU.ActiveCfg = Release|Any CPU
		{F9E4C3DD-E913-4E58-B9C4-CDF097122E9B}.Release|Any CPU.Build.0 = Release|Any CPU
	EndGlobalSection
	GlobalSection(SolutionProperties) = preSolution
		HideSolutionNode = FALSE
	EndGlobalSection
	GlobalSection(ExtensibilityGlobals) = postSolution
		SolutionGuid = {A54D4F23-2721-4C93-BB31-FAD4EE364DE6}
	EndGlobalSection
EndGlobal
