
Microsoft Visual Studio Solution File, Format Version 12.00
# Visual Studio Version 17
VisualStudioVersion = 17.9.34607.119
MinimumVisualStudioVersion = 10.0.40219.1
Project("{FAE04EC0-301F-11D3-BF4B-00C04F79EFBC}") = "program1", "program1\program1.csproj", "{2FCA89B1-B217-4610-A8DB-357A6A54BBFA}"
EndProject
Global
	GlobalSection(SolutionConfigurationPlatforms) = preSolution
		Debug|Any CPU = Debug|Any CPU
		Release|Any CPU = Release|Any CPU
	EndGlobalSection
	GlobalSection(ProjectConfigurationPlatforms) = postSolution
		{2FCA89B1-B217-4610-A8DB-357A6A54BBFA}.Debug|Any CPU.ActiveCfg = Debug|Any CPU
		{2FCA89B1-B217-4610-A8DB-357A6A54BBFA}.Debug|Any CPU.Build.0 = Debug|Any CPU
		{2FCA89B1-B217-4610-A8DB-357A6A54BBFA}.Release|Any CPU.ActiveCfg = Release|Any CPU
		{2FCA89B1-B217-4610-A8DB-357A6A54BBFA}.Release|Any CPU.Build.0 = Release|Any CPU
	EndGlobalSection
	GlobalSection(SolutionProperties) = preSolution
		HideSolutionNode = FALSE
	EndGlobalSection
	GlobalSection(ExtensibilityGlobals) = postSolution
		SolutionGuid = {33DE8559-F5F6-4641-A061-B08E1ECF60B3}
	EndGlobalSection
EndGlobal
